schema: '2.0'
stages:
  train-baseline:
    cmd: python -m solarnet.main train
    deps:
    - path: data/sdo-benchmark.placeholder
      md5: 03bc278e4376c8585af17fe4557b0337
      size: 162
    - path: solarnet/main.py
      md5: feec11e98fd1abb809708172ec7cbf3a
      size: 1492
    - path: solarnet/models/baseline.py
      md5: 4d5632d2f513677fb49937a3fc44c602
      size: 6250
    - path: solarnet/tasks/train.py
      md5: b327442b626f2571fb5c7d8224a76954
      size: 4110
    params:
      config/config.yaml:
        data:
          validation_size: 0.1
          channel: 211
          size: 256
          targets: regression
          time_steps:
          - 3
        gpus: 1
        model:
          activation: relu6
        name: Baseline regression model
        seed: 42
        tracking: true
        trainer:
          epochs: 20
          batch_size: 128
          learning_rate: 0.005
          patience: 12
    outs:
    - path: models/baseline/model.ckpt
      md5: 4b089ccc3b3d5d127a96d5f2731382ff
      size: 322059
  test-baseline:
    cmd: python -m solarnet.main test
    deps:
    - path: data/sdo-benchmark.placeholder
      md5: 03bc278e4376c8585af17fe4557b0337
      size: 162
    - path: models/baseline/model.ckpt
      md5: fcf5f0c97b457d193f0bcc95a7d137cd
      size: 322004
    - path: solarnet/main.py
      md5: feec11e98fd1abb809708172ec7cbf3a
      size: 1492
    - path: solarnet/models/baseline.py
      md5: 4d5632d2f513677fb49937a3fc44c602
      size: 6250
    - path: solarnet/tasks/test.py
      md5: bd19123b0abe67b0f41d8b0a45e82a14
      size: 5932
    params:
      config/config.yaml:
        data:
          validation_size: 0.1
          channel: 211
          size: 256
          targets:
            classes:
            - Quiet: < 1e-6
            - C: < 1e-5
            - M: < 1e-4
            - X: '>= 1e-4'
          time_steps:
          - 3
        gpus: 1
        model:
          activation: relu6
        seed: 42
        trainer:
          epochs: 20
          batch_size: 128
          learning_rate: 0.005
          patience: 12
    outs:
    - path: models/baseline/confusion_matrix.png
      md5: 03906a26fef60b673ae8793856bde879
      size: 43116
    - path: models/baseline/metrics.yaml
      md5: da8e5f52f36494f3c9fa0fc3768978f3
      size: 209
    - path: models/baseline/test_samples.png
      md5: d63502656d84bbd657cc1a65f6a838a7
      size: 758511
  download-dataset:
    cmd: python -m solarnet.main download sdo-benchmark-zip
    deps:
    - path: config/minio.yaml
      md5: 2cf2c6bc04bcddb76df1d97aae80ba0a
      size: 117
    - path: solarnet/main.py
      md5: feec11e98fd1abb809708172ec7cbf3a
      size: 1492
    outs:
    - path: data/sdo-benchmark.placeholder
      md5: 03bc278e4376c8585af17fe4557b0337
      size: 162
